
Microsoft Visual Studio Solution File, Format Version 12.00
# Visual Studio Version 17
VisualStudioVersion = 17.6.33815.320
MinimumVisualStudioVersion = 10.0.40219.1
Project("{FAE04EC0-301F-11D3-BF4B-00C04F79EFBC}") = "23_10_23_C_Sharp_Exeml_Jeson", "23_10_23_C_Sharp_Exeml_Jeson\23_10_23_C_Sharp_Exeml_Jeson.csproj", "{2FB984B9-B4AA-4C6A-A81E-E64274AFC383}"
EndProject
Global
	GlobalSection(SolutionConfigurationPlatforms) = preSolution
		Debug|Any CPU = Debug|Any CPU
		Release|Any CPU = Release|Any CPU
	EndGlobalSection
	GlobalSection(ProjectConfigurationPlatforms) = postSolution
		{2FB984B9-B4AA-4C6A-A81E-E64274AFC383}.Debug|Any CPU.ActiveCfg = Debug|Any CPU
		{2FB984B9-B4AA-4C6A-A81E-E64274AFC383}.Debug|Any CPU.Build.0 = Debug|Any CPU
		{2FB984B9-B4AA-4C6A-A81E-E64274AFC383}.Release|Any CPU.ActiveCfg = Release|Any CPU
		{2FB984B9-B4AA-4C6A-A81E-E64274AFC383}.Release|Any CPU.Build.0 = Release|Any CPU
	EndGlobalSection
	GlobalSection(SolutionProperties) = preSolution
		HideSolutionNode = FALSE
	EndGlobalSection
	GlobalSection(ExtensibilityGlobals) = postSolution
		SolutionGuid = {36270A69-BDF9-47F9-95B9-5DCAA4DF668D}
	EndGlobalSection
EndGlobal
